
Microsoft Visual Studio Solution File, Format Version 12.00
Project("{FAE04EC0-301F-11D3-BF4B-00C04F79EFBC}") = "XRDoctor", "XRDoctor.csproj", "{F6506754-D1B3-4873-88C3-2CF205911FBD}"
EndProject
Global
	GlobalSection(SolutionConfigurationPlatforms) = preSolution
		Debug|Any CPU = Debug|Any CPU
		Release|Any CPU = Release|Any CPU
	EndGlobalSection
	GlobalSection(ProjectConfigurationPlatforms) = postSolution
		{F6506754-D1B3-4873-88C3-2CF205911FBD}.Debug|Any CPU.ActiveCfg = Debug|Any CPU
		{F6506754-D1B3-4873-88C3-2CF205911FBD}.Debug|Any CPU.Build.0 = Debug|Any CPU
		{F6506754-D1B3-4873-88C3-2CF205911FBD}.Release|Any CPU.ActiveCfg = Release|Any CPU
		{F6506754-D1B3-4873-88C3-2CF205911FBD}.Release|Any CPU.Build.0 = Release|Any CPU
	EndGlobalSection
EndGlobal
